
Microsoft Visual Studio Solution File, Format Version 12.00
# Visual Studio Version 16
VisualStudioVersion = 16.0.30309.148
MinimumVisualStudioVersion = 10.0.40219.1
Project("{FAE04EC0-301F-11D3-BF4B-00C04F79EFBC}") = "SignalRTest", "SignalRTest\SignalRTest.csproj", "{3A7E9753-C739-4DE3-8C1C-5CE4B016B24B}"
EndProject
Global
	GlobalSection(SolutionConfigurationPlatforms) = preSolution
		Debug|Any CPU = Debug|Any CPU
		Release|Any CPU = Release|Any CPU
	EndGlobalSection
	GlobalSection(ProjectConfigurationPlatforms) = postSolution
		{3A7E9753-C739-4DE3-8C1C-5CE4B016B24B}.Debug|Any CPU.ActiveCfg = Debug|Any CPU
		{3A7E9753-C739-4DE3-8C1C-5CE4B016B24B}.Debug|Any CPU.Build.0 = Debug|Any CPU
		{3A7E9753-C739-4DE3-8C1C-5CE4B016B24B}.Release|Any CPU.ActiveCfg = Release|Any CPU
		{3A7E9753-C739-4DE3-8C1C-5CE4B016B24B}.Release|Any CPU.Build.0 = Release|Any CPU
	EndGlobalSection
	GlobalSection(SolutionProperties) = preSolution
		HideSolutionNode = FALSE
	EndGlobalSection
	GlobalSection(ExtensibilityGlobals) = postSolution
		SolutionGuid = {2FE8B718-3138-4B2F-A268-C0E075905A89}
	EndGlobalSection
EndGlobal
